
Microsoft Visual Studio Solution File, Format Version 12.00
# Visual Studio Version 17
VisualStudioVersion = 17.1.32210.238
MinimumVisualStudioVersion = 10.0.40219.1
Project("{FAE04EC0-301F-11D3-BF4B-00C04F79EFBC}") = "Capa_Presentacion", "Capa_Presentacion\Capa_Presentacion.csproj", "{229463DB-C20E-4022-9475-E7DD98DB22DD}"
EndProject
Project("{FAE04EC0-301F-11D3-BF4B-00C04F79EFBC}") = "Capa_Acceso_Datos", "Capa_Accesso_Datos\Capa_Acceso_Datos.csproj", "{C04862A8-98E7-463B-B92B-6C1FD8142BCC}"
EndProject
Project("{FAE04EC0-301F-11D3-BF4B-00C04F79EFBC}") = "Capa_Negocios", "Capa_Negocios\Capa_Negocios.csproj", "{9E8F0E66-34FD-4509-9239-AC7D23CB743B}"
EndProject
Project("{FAE04EC0-301F-11D3-BF4B-00C04F79EFBC}") = "Capa_Entidad", "Capa_Entidad\Capa_Entidad.csproj", "{AD4EF784-10F9-4C1C-A579-9D783D067B20}"
EndProject
Global
	GlobalSection(SolutionConfigurationPlatforms) = preSolution
		Debug|Any CPU = Debug|Any CPU
		Release|Any CPU = Release|Any CPU
	EndGlobalSection
	GlobalSection(ProjectConfigurationPlatforms) = postSolution
		{229463DB-C20E-4022-9475-E7DD98DB22DD}.Debug|Any CPU.ActiveCfg = Debug|Any CPU
		{229463DB-C20E-4022-9475-E7DD98DB22DD}.Debug|Any CPU.Build.0 = Debug|Any CPU
		{229463DB-C20E-4022-9475-E7DD98DB22DD}.Release|Any CPU.ActiveCfg = Release|Any CPU
		{229463DB-C20E-4022-9475-E7DD98DB22DD}.Release|Any CPU.Build.0 = Release|Any CPU
		{C04862A8-98E7-463B-B92B-6C1FD8142BCC}.Debug|Any CPU.ActiveCfg = Debug|Any CPU
		{C04862A8-98E7-463B-B92B-6C1FD8142BCC}.Debug|Any CPU.Build.0 = Debug|Any CPU
		{C04862A8-98E7-463B-B92B-6C1FD8142BCC}.Release|Any CPU.ActiveCfg = Release|Any CPU
		{C04862A8-98E7-463B-B92B-6C1FD8142BCC}.Release|Any CPU.Build.0 = Release|Any CPU
		{9E8F0E66-34FD-4509-9239-AC7D23CB743B}.Debug|Any CPU.ActiveCfg = Debug|Any CPU
		{9E8F0E66-34FD-4509-9239-AC7D23CB743B}.Debug|Any CPU.Build.0 = Debug|Any CPU
		{9E8F0E66-34FD-4509-9239-AC7D23CB743B}.Release|Any CPU.ActiveCfg = Release|Any CPU
		{9E8F0E66-34FD-4509-9239-AC7D23CB743B}.Release|Any CPU.Build.0 = Release|Any CPU
		{AD4EF784-10F9-4C1C-A579-9D783D067B20}.Debug|Any CPU.ActiveCfg = Debug|Any CPU
		{AD4EF784-10F9-4C1C-A579-9D783D067B20}.Debug|Any CPU.Build.0 = Debug|Any CPU
		{AD4EF784-10F9-4C1C-A579-9D783D067B20}.Release|Any CPU.ActiveCfg = Release|Any CPU
		{AD4EF784-10F9-4C1C-A579-9D783D067B20}.Release|Any CPU.Build.0 = Release|Any CPU
	EndGlobalSection
	GlobalSection(SolutionProperties) = preSolution
		HideSolutionNode = FALSE
	EndGlobalSection
	GlobalSection(ExtensibilityGlobals) = postSolution
		SolutionGuid = {E2048C59-512B-4E38-AE1D-625D16D72462}
	EndGlobalSection
EndGlobal
